
Microsoft Visual Studio Solution File, Format Version 12.00
# Visual Studio Version 17
VisualStudioVersion = 17.7.34024.191
MinimumVisualStudioVersion = 10.0.40219.1
Project("{FAE04EC0-301F-11D3-BF4B-00C04F79EFBC}") = "Ecommar.Catalog.API", "Ecommar.Catalog.API\Ecommar.Catalog.API.csproj", "{9A8D6DAE-1CDA-4F01-BC05-04F1C6A60936}"
EndProject
Global
	GlobalSection(SolutionConfigurationPlatforms) = preSolution
		Debug|Any CPU = Debug|Any CPU
		Release|Any CPU = Release|Any CPU
	EndGlobalSection
	GlobalSection(ProjectConfigurationPlatforms) = postSolution
		{9A8D6DAE-1CDA-4F01-BC05-04F1C6A60936}.Debug|Any CPU.ActiveCfg = Debug|Any CPU
		{9A8D6DAE-1CDA-4F01-BC05-04F1C6A60936}.Debug|Any CPU.Build.0 = Debug|Any CPU
		{9A8D6DAE-1CDA-4F01-BC05-04F1C6A60936}.Release|Any CPU.ActiveCfg = Release|Any CPU
		{9A8D6DAE-1CDA-4F01-BC05-04F1C6A60936}.Release|Any CPU.Build.0 = Release|Any CPU
	EndGlobalSection
	GlobalSection(SolutionProperties) = preSolution
		HideSolutionNode = FALSE
	EndGlobalSection
	GlobalSection(ExtensibilityGlobals) = postSolution
		SolutionGuid = {B333A5FB-99FA-47E3-955F-D7EA0A896F27}
	EndGlobalSection
EndGlobal
